
Microsoft Visual Studio Solution File, Format Version 12.00
# Visual Studio 15
VisualStudioVersion = 15.0.28010.2050
MinimumVisualStudioVersion = 10.0.40219.1
Project("{FAE04EC0-301F-11D3-BF4B-00C04F79EFBC}") = "ThreeMFFixer", "ThreeMFFixer\ThreeMFFixer.csproj", "{DA75DEAA-EBD3-4354-9B39-7CF8E2B74A51}"
EndProject
Global
	GlobalSection(SolutionConfigurationPlatforms) = preSolution
		Debug|Any CPU = Debug|Any CPU
		Release|Any CPU = Release|Any CPU
	EndGlobalSection
	GlobalSection(ProjectConfigurationPlatforms) = postSolution
		{DA75DEAA-EBD3-4354-9B39-7CF8E2B74A51}.Debug|Any CPU.ActiveCfg = Debug|Any CPU
		{DA75DEAA-EBD3-4354-9B39-7CF8E2B74A51}.Debug|Any CPU.Build.0 = Debug|Any CPU
		{DA75DEAA-EBD3-4354-9B39-7CF8E2B74A51}.Release|Any CPU.ActiveCfg = Release|Any CPU
		{DA75DEAA-EBD3-4354-9B39-7CF8E2B74A51}.Release|Any CPU.Build.0 = Release|Any CPU
	EndGlobalSection
	GlobalSection(SolutionProperties) = preSolution
		HideSolutionNode = FALSE
	EndGlobalSection
	GlobalSection(ExtensibilityGlobals) = postSolution
		SolutionGuid = {E168536C-6313-4699-910D-8D163B111542}
	EndGlobalSection
EndGlobal
